// !$*UTF8*$!
{
	archiveVersion = 1;
	classes = {
	};
	objectVersion = 56;
	objects = {

/* Begin PBXBuildFile section */
		430137F129BA3A6100184AAF /* TouchDownApp.swift in Sources */ = {isa = PBXBuildFile; fileRef = 430137F029BA3A6100184AAF /* TouchDownApp.swift */; };
		430137F329BA3A6100184AAF /* ContentView.swift in Sources */ = {isa = PBXBuildFile; fileRef = 430137F229BA3A6100184AAF /* ContentView.swift */; };
		430137F529BA3A6200184AAF /* Assets.xcassets in Resources */ = {isa = PBXBuildFile; fileRef = 430137F429BA3A6200184AAF /* Assets.xcassets */; };
		430137F829BA3A6200184AAF /* Preview Assets.xcassets in Resources */ = {isa = PBXBuildFile; fileRef = 430137F729BA3A6200184AAF /* Preview Assets.xcassets */; };
		4301380D29BC7E0E00184AAF /* Colors.swift in Sources */ = {isa = PBXBuildFile; fileRef = 4301380C29BC7E0E00184AAF /* Colors.swift */; };
		4301380F29BC7EE700184AAF /* FooterView.swift in Sources */ = {isa = PBXBuildFile; fileRef = 4301380E29BC7EE700184AAF /* FooterView.swift */; };
		4301381129BC83E500184AAF /* NavigationBarView.swift in Sources */ = {isa = PBXBuildFile; fileRef = 4301381029BC83E500184AAF /* NavigationBarView.swift */; };
		4301381429BC85C300184AAF /* LogoView.swift in Sources */ = {isa = PBXBuildFile; fileRef = 4301381329BC85C300184AAF /* LogoView.swift */; };
		4301381829BC8D3800184AAF /* BundleExtension.swift in Sources */ = {isa = PBXBuildFile; fileRef = 4301381729BC8D3800184AAF /* BundleExtension.swift */; };
		4301381A29BC8D5300184AAF /* HeroCarouselItemView.swift in Sources */ = {isa = PBXBuildFile; fileRef = 4301381929BC8D5300184AAF /* HeroCarouselItemView.swift */; };
		4301381C29BC8D9500184AAF /* HeroImageModel.swift in Sources */ = {isa = PBXBuildFile; fileRef = 4301381B29BC8D9500184AAF /* HeroImageModel.swift */; };
		4301381E29BC96B600184AAF /* DataConstants.swift in Sources */ = {isa = PBXBuildFile; fileRef = 4301381D29BC96B600184AAF /* DataConstants.swift */; };
		430525FC29BC98C90019BBBD /* product.json in Resources */ = {isa = PBXBuildFile; fileRef = 430525F829BC98C90019BBBD /* product.json */; };
		430525FD29BC98C90019BBBD /* brand.json in Resources */ = {isa = PBXBuildFile; fileRef = 430525F929BC98C90019BBBD /* brand.json */; };
		430525FE29BC98C90019BBBD /* player.json in Resources */ = {isa = PBXBuildFile; fileRef = 430525FA29BC98C90019BBBD /* player.json */; };
		430525FF29BC98C90019BBBD /* category.json in Resources */ = {isa = PBXBuildFile; fileRef = 430525FB29BC98C90019BBBD /* category.json */; };
		4305260129BC9B760019BBBD /* HeroCarouselView.swift in Sources */ = {isa = PBXBuildFile; fileRef = 4305260029BC9B760019BBBD /* HeroCarouselView.swift */; };
		4305260329BC9F590019BBBD /* CategoryModel.swift in Sources */ = {isa = PBXBuildFile; fileRef = 4305260229BC9F590019BBBD /* CategoryModel.swift */; };
		4305260529BC9FEE0019BBBD /* LayoutConstants.swift in Sources */ = {isa = PBXBuildFile; fileRef = 4305260429BC9FEE0019BBBD /* LayoutConstants.swift */; };
		4305260729BCA0AC0019BBBD /* CategoryItemView.swift in Sources */ = {isa = PBXBuildFile; fileRef = 4305260629BCA0AC0019BBBD /* CategoryItemView.swift */; };
		4305260929BCCAC50019BBBD /* CategoryGridView.swift in Sources */ = {isa = PBXBuildFile; fileRef = 4305260829BCCAC50019BBBD /* CategoryGridView.swift */; };
		4305260C29BCCC8F0019BBBD /* CategorySectionView.swift in Sources */ = {isa = PBXBuildFile; fileRef = 4305260B29BCCC8F0019BBBD /* CategorySectionView.swift */; };
		4305260F29C377E80019BBBD /* TitleView.swift in Sources */ = {isa = PBXBuildFile; fileRef = 4305260E29C377E80019BBBD /* TitleView.swift */; };
		4305261129C378A80019BBBD /* ProductModel.swift in Sources */ = {isa = PBXBuildFile; fileRef = 4305261029C378A80019BBBD /* ProductModel.swift */; };
		4305261429C37A070019BBBD /* ProductItemView.swift in Sources */ = {isa = PBXBuildFile; fileRef = 4305261329C37A070019BBBD /* ProductItemView.swift */; };
		4305261629C380980019BBBD /* BrandModel.swift in Sources */ = {isa = PBXBuildFile; fileRef = 4305261529C380980019BBBD /* BrandModel.swift */; };
		4305261929C380E50019BBBD /* BrandItemView.swift in Sources */ = {isa = PBXBuildFile; fileRef = 4305261829C380E50019BBBD /* BrandItemView.swift */; };
		4305261B29C382950019BBBD /* BrandsGridView.swift in Sources */ = {isa = PBXBuildFile; fileRef = 4305261A29C382950019BBBD /* BrandsGridView.swift */; };
		4305261D29C384420019BBBD /* ProductDetails.swift in Sources */ = {isa = PBXBuildFile; fileRef = 4305261C29C384420019BBBD /* ProductDetails.swift */; };
/* End PBXBuildFile section */

/* Begin PBXFileReference section */
		430137ED29BA3A6100184AAF /* TouchDown.app */ = {isa = PBXFileReference; explicitFileType = wrapper.application; includeInIndex = 0; path = TouchDown.app; sourceTree = BUILT_PRODUCTS_DIR; };
		430137F029BA3A6100184AAF /* TouchDownApp.swift */ = {isa = PBXFileReference; lastKnownFileType = sourcecode.swift; path = TouchDownApp.swift; sourceTree = "<group>"; };
		430137F229BA3A6100184AAF /* ContentView.swift */ = {isa = PBXFileReference; lastKnownFileType = sourcecode.swift; path = ContentView.swift; sourceTree = "<group>"; };
		430137F429BA3A6200184AAF /* Assets.xcassets */ = {isa = PBXFileReference; lastKnownFileType = folder.assetcatalog; path = Assets.xcassets; sourceTree = "<group>"; };
		430137F729BA3A6200184AAF /* Preview Assets.xcassets */ = {isa = PBXFileReference; lastKnownFileType = folder.assetcatalog; path = "Preview Assets.xcassets"; sourceTree = "<group>"; };
		4301380229BC7CA600184AAF /* Info.plist */ = {isa = PBXFileReference; lastKnownFileType = text.plist; path = Info.plist; sourceTree = "<group>"; };
		4301380C29BC7E0E00184AAF /* Colors.swift */ = {isa = PBXFileReference; lastKnownFileType = sourcecode.swift; path = Colors.swift; sourceTree = "<group>"; };
		4301380E29BC7EE700184AAF /* FooterView.swift */ = {isa = PBXFileReference; lastKnownFileType = sourcecode.swift; path = FooterView.swift; sourceTree = "<group>"; };
		4301381029BC83E500184AAF /* NavigationBarView.swift */ = {isa = PBXFileReference; lastKnownFileType = sourcecode.swift; path = NavigationBarView.swift; sourceTree = "<group>"; };
		4301381329BC85C300184AAF /* LogoView.swift */ = {isa = PBXFileReference; lastKnownFileType = sourcecode.swift; path = LogoView.swift; sourceTree = "<group>"; };
		4301381729BC8D3800184AAF /* BundleExtension.swift */ = {isa = PBXFileReference; lastKnownFileType = sourcecode.swift; path = BundleExtension.swift; sourceTree = "<group>"; };
		4301381929BC8D5300184AAF /* HeroCarouselItemView.swift */ = {isa = PBXFileReference; lastKnownFileType = sourcecode.swift; path = HeroCarouselItemView.swift; sourceTree = "<group>"; };
		4301381B29BC8D9500184AAF /* HeroImageModel.swift */ = {isa = PBXFileReference; lastKnownFileType = sourcecode.swift; path = HeroImageModel.swift; sourceTree = "<group>"; };
		4301381D29BC96B600184AAF /* DataConstants.swift */ = {isa = PBXFileReference; lastKnownFileType = sourcecode.swift; path = DataConstants.swift; sourceTree = "<group>"; };
		430525F829BC98C90019BBBD /* product.json */ = {isa = PBXFileReference; fileEncoding = 4; lastKnownFileType = text.json; path = product.json; sourceTree = "<group>"; };
		430525F929BC98C90019BBBD /* brand.json */ = {isa = PBXFileReference; fileEncoding = 4; lastKnownFileType = text.json; path = brand.json; sourceTree = "<group>"; };
		430525FA29BC98C90019BBBD /* player.json */ = {isa = PBXFileReference; fileEncoding = 4; lastKnownFileType = text.json; path = player.json; sourceTree = "<group>"; };
		430525FB29BC98C90019BBBD /* category.json */ = {isa = PBXFileReference; fileEncoding = 4; lastKnownFileType = text.json; path = category.json; sourceTree = "<group>"; };
		4305260029BC9B760019BBBD /* HeroCarouselView.swift */ = {isa = PBXFileReference; lastKnownFileType = sourcecode.swift; path = HeroCarouselView.swift; sourceTree = "<group>"; };
		4305260229BC9F590019BBBD /* CategoryModel.swift */ = {isa = PBXFileReference; lastKnownFileType = sourcecode.swift; path = CategoryModel.swift; sourceTree = "<group>"; };
		4305260429BC9FEE0019BBBD /* LayoutConstants.swift */ = {isa = PBXFileReference; lastKnownFileType = sourcecode.swift; path = LayoutConstants.swift; sourceTree = "<group>"; };
		4305260629BCA0AC0019BBBD /* CategoryItemView.swift */ = {isa = PBXFileReference; lastKnownFileType = sourcecode.swift; path = CategoryItemView.swift; sourceTree = "<group>"; };
		4305260829BCCAC50019BBBD /* CategoryGridView.swift */ = {isa = PBXFileReference; lastKnownFileType = sourcecode.swift; path = CategoryGridView.swift; sourceTree = "<group>"; };
		4305260B29BCCC8F0019BBBD /* CategorySectionView.swift */ = {isa = PBXFileReference; lastKnownFileType = sourcecode.swift; path = CategorySectionView.swift; sourceTree = "<group>"; };
		4305260E29C377E80019BBBD /* TitleView.swift */ = {isa = PBXFileReference; lastKnownFileType = sourcecode.swift; path = TitleView.swift; sourceTree = "<group>"; };
		4305261029C378A80019BBBD /* ProductModel.swift */ = {isa = PBXFileReference; lastKnownFileType = sourcecode.swift; path = ProductModel.swift; sourceTree = "<group>"; };
		4305261329C37A070019BBBD /* ProductItemView.swift */ = {isa = PBXFileReference; lastKnownFileType = sourcecode.swift; path = ProductItemView.swift; sourceTree = "<group>"; };
		4305261529C380980019BBBD /* BrandModel.swift */ = {isa = PBXFileReference; lastKnownFileType = sourcecode.swift; path = BrandModel.swift; sourceTree = "<group>"; };
		4305261829C380E50019BBBD /* BrandItemView.swift */ = {isa = PBXFileReference; lastKnownFileType = sourcecode.swift; path = BrandItemView.swift; sourceTree = "<group>"; };
		4305261A29C382950019BBBD /* BrandsGridView.swift */ = {isa = PBXFileReference; lastKnownFileType = sourcecode.swift; path = BrandsGridView.swift; sourceTree = "<group>"; };
		4305261C29C384420019BBBD /* ProductDetails.swift */ = {isa = PBXFileReference; lastKnownFileType = sourcecode.swift; path = ProductDetails.swift; sourceTree = "<group>"; };
/* End PBXFileReference section */

/* Begin PBXFrameworksBuildPhase section */
		430137EA29BA3A6100184AAF /* Frameworks */ = {
			isa = PBXFrameworksBuildPhase;
			buildActionMask = 2147483647;
			files = (
			);
			runOnlyForDeploymentPostprocessing = 0;
		};
/* End PBXFrameworksBuildPhase section */

/* Begin PBXGroup section */
		430137E429BA3A6100184AAF = {
			isa = PBXGroup;
			children = (
				430137EF29BA3A6100184AAF /* TouchDown */,
				430137EE29BA3A6100184AAF /* Products */,
			);
			sourceTree = "<group>";
		};
		430137EE29BA3A6100184AAF /* Products */ = {
			isa = PBXGroup;
			children = (
				430137ED29BA3A6100184AAF /* TouchDown.app */,
			);
			name = Products;
			sourceTree = "<group>";
		};
		430137EF29BA3A6100184AAF /* TouchDown */ = {
			isa = PBXGroup;
			children = (
				430525F729BC98BE0019BBBD /* Data Files */,
				430137F029BA3A6100184AAF /* TouchDownApp.swift */,
				4301380229BC7CA600184AAF /* Info.plist */,
				430137FF29BA3A8300184AAF /* Screens */,
				4301380329BC7D5600184AAF /* Views */,
				430137FE29BA3A7600184AAF /* Resources */,
				4301380629BC7D7D00184AAF /* Models */,
				4301380829BC7D8A00184AAF /* Utils */,
				4301380729BC7D8400184AAF /* Extensions */,
				430137F629BA3A6200184AAF /* Preview Content */,
			);
			path = TouchDown;
			sourceTree = "<group>";
		};
		430137F629BA3A6200184AAF /* Preview Content */ = {
			isa = PBXGroup;
			children = (
				430137F729BA3A6200184AAF /* Preview Assets.xcassets */,
			);
			path = "Preview Content";
			sourceTree = "<group>";
		};
		430137FE29BA3A7600184AAF /* Resources */ = {
			isa = PBXGroup;
			children = (
				430137F429BA3A6200184AAF /* Assets.xcassets */,
			);
			path = Resources;
			sourceTree = "<group>";
		};
		430137FF29BA3A8300184AAF /* Screens */ = {
			isa = PBXGroup;
			children = (
				430137F229BA3A6100184AAF /* ContentView.swift */,
				4305261C29C384420019BBBD /* ProductDetails.swift */,
			);
			path = Screens;
			sourceTree = "<group>";
		};
		4301380329BC7D5600184AAF /* Views */ = {
			isa = PBXGroup;
			children = (
				4301381229BC85B300184AAF /* General */,
				4301380429BC7D6300184AAF /* Home */,
				4301380529BC7D6B00184AAF /* Details */,
				4301381029BC83E500184AAF /* NavigationBarView.swift */,
			);
			path = Views;
			sourceTree = "<group>";
		};
		4301380429BC7D6300184AAF /* Home */ = {
			isa = PBXGroup;
			children = (
				4305261729C380D10019BBBD /* Brands */,
				4305261229C379F60019BBBD /* Products */,
				4305260D29C377C70019BBBD /* Hero Carousel */,
				4305260A29BCCC780019BBBD /* Categories */,
				4301380E29BC7EE700184AAF /* FooterView.swift */,
			);
			path = Home;
			sourceTree = "<group>";
		};
		4301380529BC7D6B00184AAF /* Details */ = {
			isa = PBXGroup;
			children = (
			);
			path = Details;
			sourceTree = "<group>";
		};
		4301380629BC7D7D00184AAF /* Models */ = {
			isa = PBXGroup;
			children = (
				4301381B29BC8D9500184AAF /* HeroImageModel.swift */,
				4305260229BC9F590019BBBD /* CategoryModel.swift */,
				4305261029C378A80019BBBD /* ProductModel.swift */,
				4305261529C380980019BBBD /* BrandModel.swift */,
			);
			path = Models;
			sourceTree = "<group>";
		};
		4301380729BC7D8400184AAF /* Extensions */ = {
			isa = PBXGroup;
			children = (
				4301381729BC8D3800184AAF /* BundleExtension.swift */,
			);
			path = Extensions;
			sourceTree = "<group>";
		};
		4301380829BC7D8A00184AAF /* Utils */ = {
			isa = PBXGroup;
			children = (
				4301380B29BC7DE800184AAF /* Constants */,
			);
			path = Utils;
			sourceTree = "<group>";
		};
		4301380B29BC7DE800184AAF /* Constants */ = {
			isa = PBXGroup;
			children = (
				4301380C29BC7E0E00184AAF /* Colors.swift */,
				4301381D29BC96B600184AAF /* DataConstants.swift */,
				4305260429BC9FEE0019BBBD /* LayoutConstants.swift */,
			);
			path = Constants;
			sourceTree = "<group>";
		};
		4301381229BC85B300184AAF /* General */ = {
			isa = PBXGroup;
			children = (
				4301381329BC85C300184AAF /* LogoView.swift */,
				4305260E29C377E80019BBBD /* TitleView.swift */,
			);
			path = General;
			sourceTree = "<group>";
		};
		430525F729BC98BE0019BBBD /* Data Files */ = {
			isa = PBXGroup;
			children = (
				430525F929BC98C90019BBBD /* brand.json */,
				430525FB29BC98C90019BBBD /* category.json */,
				430525FA29BC98C90019BBBD /* player.json */,
				430525F829BC98C90019BBBD /* product.json */,
			);
			path = "Data Files";
			sourceTree = "<group>";
		};
		4305260A29BCCC780019BBBD /* Categories */ = {
			isa = PBXGroup;
			children = (
				4305260629BCA0AC0019BBBD /* CategoryItemView.swift */,
				4305260829BCCAC50019BBBD /* CategoryGridView.swift */,
				4305260B29BCCC8F0019BBBD /* CategorySectionView.swift */,
			);
			path = Categories;
			sourceTree = "<group>";
		};
		4305260D29C377C70019BBBD /* Hero Carousel */ = {
			isa = PBXGroup;
			children = (
				4305260029BC9B760019BBBD /* HeroCarouselView.swift */,
				4301381929BC8D5300184AAF /* HeroCarouselItemView.swift */,
			);
			path = "Hero Carousel";
			sourceTree = "<group>";
		};
		4305261229C379F60019BBBD /* Products */ = {
			isa = PBXGroup;
			children = (
				4305261329C37A070019BBBD /* ProductItemView.swift */,
			);
			path = Products;
			sourceTree = "<group>";
		};
		4305261729C380D10019BBBD /* Brands */ = {
			isa = PBXGroup;
			children = (
				4305261829C380E50019BBBD /* BrandItemView.swift */,
				4305261A29C382950019BBBD /* BrandsGridView.swift */,
			);
			path = Brands;
			sourceTree = "<group>";
		};
/* End PBXGroup section */

/* Begin PBXNativeTarget section */
		430137EC29BA3A6100184AAF /* TouchDown */ = {
			isa = PBXNativeTarget;
			buildConfigurationList = 430137FB29BA3A6200184AAF /* Build configuration list for PBXNativeTarget "TouchDown" */;
			buildPhases = (
				430137E929BA3A6100184AAF /* Sources */,
				430137EA29BA3A6100184AAF /* Frameworks */,
				430137EB29BA3A6100184AAF /* Resources */,
			);
			buildRules = (
			);
			dependencies = (
			);
			name = TouchDown;
			productName = TouchDown;
			productReference = 430137ED29BA3A6100184AAF /* TouchDown.app */;
			productType = "com.apple.product-type.application";
		};
/* End PBXNativeTarget section */

/* Begin PBXProject section */
		430137E529BA3A6100184AAF /* Project object */ = {
			isa = PBXProject;
			attributes = {
				BuildIndependentTargetsInParallel = 1;
				LastSwiftUpdateCheck = 1420;
				LastUpgradeCheck = 1420;
				TargetAttributes = {
					430137EC29BA3A6100184AAF = {
						CreatedOnToolsVersion = 14.2;
					};
				};
			};
			buildConfigurationList = 430137E829BA3A6100184AAF /* Build configuration list for PBXProject "TouchDown" */;
			compatibilityVersion = "Xcode 14.0";
			developmentRegion = en;
			hasScannedForEncodings = 0;
			knownRegions = (
				en,
				Base,
			);
			mainGroup = 430137E429BA3A6100184AAF;
			productRefGroup = 430137EE29BA3A6100184AAF /* Products */;
			projectDirPath = "";
			projectRoot = "";
			targets = (
				430137EC29BA3A6100184AAF /* TouchDown */,
			);
		};
/* End PBXProject section */

/* Begin PBXResourcesBuildPhase section */
		430137EB29BA3A6100184AAF /* Resources */ = {
			isa = PBXResourcesBuildPhase;
			buildActionMask = 2147483647;
			files = (
				430525FE29BC98C90019BBBD /* player.json in Resources */,
				430137F829BA3A6200184AAF /* Preview Assets.xcassets in Resources */,
				430525FD29BC98C90019BBBD /* brand.json in Resources */,
				430525FF29BC98C90019BBBD /* category.json in Resources */,
				430137F529BA3A6200184AAF /* Assets.xcassets in Resources */,
				430525FC29BC98C90019BBBD /* product.json in Resources */,
			);
			runOnlyForDeploymentPostprocessing = 0;
		};
/* End PBXResourcesBuildPhase section */

/* Begin PBXSourcesBuildPhase section */
		430137E929BA3A6100184AAF /* Sources */ = {
			isa = PBXSourcesBuildPhase;
			buildActionMask = 2147483647;
			files = (
				4301381A29BC8D5300184AAF /* HeroCarouselItemView.swift in Sources */,
				4305260329BC9F590019BBBD /* CategoryModel.swift in Sources */,
				4305260C29BCCC8F0019BBBD /* CategorySectionView.swift in Sources */,
				4301381C29BC8D9500184AAF /* HeroImageModel.swift in Sources */,
				4305260929BCCAC50019BBBD /* CategoryGridView.swift in Sources */,
				4305260729BCA0AC0019BBBD /* CategoryItemView.swift in Sources */,
				4305261929C380E50019BBBD /* BrandItemView.swift in Sources */,
				4305260129BC9B760019BBBD /* HeroCarouselView.swift in Sources */,
				4305261629C380980019BBBD /* BrandModel.swift in Sources */,
				430137F329BA3A6100184AAF /* ContentView.swift in Sources */,
				4305260529BC9FEE0019BBBD /* LayoutConstants.swift in Sources */,
				4305261129C378A80019BBBD /* ProductModel.swift in Sources */,
				4301381429BC85C300184AAF /* LogoView.swift in Sources */,
				4305261D29C384420019BBBD /* ProductDetails.swift in Sources */,
				4301380F29BC7EE700184AAF /* FooterView.swift in Sources */,
				4301381E29BC96B600184AAF /* DataConstants.swift in Sources */,
				4305260F29C377E80019BBBD /* TitleView.swift in Sources */,
				4305261B29C382950019BBBD /* BrandsGridView.swift in Sources */,
				4301381829BC8D3800184AAF /* BundleExtension.swift in Sources */,
				4301380D29BC7E0E00184AAF /* Colors.swift in Sources */,
				430137F129BA3A6100184AAF /* TouchDownApp.swift in Sources */,
				4301381129BC83E500184AAF /* NavigationBarView.swift in Sources */,
				4305261429C37A070019BBBD /* ProductItemView.swift in Sources */,
			);
			runOnlyForDeploymentPostprocessing = 0;
		};
/* End PBXSourcesBuildPhase section */

/* Begin XCBuildConfiguration section */
		430137F929BA3A6200184AAF /* Debug */ = {
			isa = XCBuildConfiguration;
			buildSettings = {
				ALWAYS_SEARCH_USER_PATHS = NO;
				CLANG_ANALYZER_NONNULL = YES;
				CLANG_ANALYZER_NUMBER_OBJECT_CONVERSION = YES_AGGRESSIVE;
				CLANG_CXX_LANGUAGE_STANDARD = "gnu++20";
				CLANG_ENABLE_MODULES = YES;
				CLANG_ENABLE_OBJC_ARC = YES;
				CLANG_ENABLE_OBJC_WEAK = YES;
				CLANG_WARN_BLOCK_CAPTURE_AUTORELEASING = YES;
				CLANG_WARN_BOOL_CONVERSION = YES;
				CLANG_WARN_COMMA = YES;
				CLANG_WARN_CONSTANT_CONVERSION = YES;
				CLANG_WARN_DEPRECATED_OBJC_IMPLEMENTATIONS = YES;
				CLANG_WARN_DIRECT_OBJC_ISA_USAGE = YES_ERROR;
				CLANG_WARN_DOCUMENTATION_COMMENTS = YES;
				CLANG_WARN_EMPTY_BODY = YES;
				CLANG_WARN_ENUM_CONVERSION = YES;
				CLANG_WARN_INFINITE_RECURSION = YES;
				CLANG_WARN_INT_CONVERSION = YES;
				CLANG_WARN_NON_LITERAL_NULL_CONVERSION = YES;
				CLANG_WARN_OBJC_IMPLICIT_RETAIN_SELF = YES;
				CLANG_WARN_OBJC_LITERAL_CONVERSION = YES;
				CLANG_WARN_OBJC_ROOT_CLASS = YES_ERROR;
				CLANG_WARN_QUOTED_INCLUDE_IN_FRAMEWORK_HEADER = YES;
				CLANG_WARN_RANGE_LOOP_ANALYSIS = YES;
				CLANG_WARN_STRICT_PROTOTYPES = YES;
				CLANG_WARN_SUSPICIOUS_MOVE = YES;
				CLANG_WARN_UNGUARDED_AVAILABILITY = YES_AGGRESSIVE;
				CLANG_WARN_UNREACHABLE_CODE = YES;
				CLANG_WARN__DUPLICATE_METHOD_MATCH = YES;
				COPY_PHASE_STRIP = NO;
				DEBUG_INFORMATION_FORMAT = dwarf;
				ENABLE_STRICT_OBJC_MSGSEND = YES;
				ENABLE_TESTABILITY = YES;
				GCC_C_LANGUAGE_STANDARD = gnu11;
				GCC_DYNAMIC_NO_PIC = NO;
				GCC_NO_COMMON_BLOCKS = YES;
				GCC_OPTIMIZATION_LEVEL = 0;
				GCC_PREPROCESSOR_DEFINITIONS = (
					"DEBUG=1",
					"$(inherited)",
				);
				GCC_WARN_64_TO_32_BIT_CONVERSION = YES;
				GCC_WARN_ABOUT_RETURN_TYPE = YES_ERROR;
				GCC_WARN_UNDECLARED_SELECTOR = YES;
				GCC_WARN_UNINITIALIZED_AUTOS = YES_AGGRESSIVE;
				GCC_WARN_UNUSED_FUNCTION = YES;
				GCC_WARN_UNUSED_VARIABLE = YES;
				IPHONEOS_DEPLOYMENT_TARGET = 16.2;
				MTL_ENABLE_DEBUG_INFO = INCLUDE_SOURCE;
				MTL_FAST_MATH = YES;
				ONLY_ACTIVE_ARCH = YES;
				SDKROOT = iphoneos;
				SWIFT_ACTIVE_COMPILATION_CONDITIONS = DEBUG;
				SWIFT_OPTIMIZATION_LEVEL = "-Onone";
			};
			name = Debug;
		};
		430137FA29BA3A6200184AAF /* Release */ = {
			isa = XCBuildConfiguration;
			buildSettings = {
				ALWAYS_SEARCH_USER_PATHS = NO;
				CLANG_ANALYZER_NONNULL = YES;
				CLANG_ANALYZER_NUMBER_OBJECT_CONVERSION = YES_AGGRESSIVE;
				CLANG_CXX_LANGUAGE_STANDARD = "gnu++20";
				CLANG_ENABLE_MODULES = YES;
				CLANG_ENABLE_OBJC_ARC = YES;
				CLANG_ENABLE_OBJC_WEAK = YES;
				CLANG_WARN_BLOCK_CAPTURE_AUTORELEASING = YES;
				CLANG_WARN_BOOL_CONVERSION = YES;
				CLANG_WARN_COMMA = YES;
				CLANG_WARN_CONSTANT_CONVERSION = YES;
				CLANG_WARN_DEPRECATED_OBJC_IMPLEMENTATIONS = YES;
				CLANG_WARN_DIRECT_OBJC_ISA_USAGE = YES_ERROR;
				CLANG_WARN_DOCUMENTATION_COMMENTS = YES;
				CLANG_WARN_EMPTY_BODY = YES;
				CLANG_WARN_ENUM_CONVERSION = YES;
				CLANG_WARN_INFINITE_RECURSION = YES;
				CLANG_WARN_INT_CONVERSION = YES;
				CLANG_WARN_NON_LITERAL_NULL_CONVERSION = YES;
				CLANG_WARN_OBJC_IMPLICIT_RETAIN_SELF = YES;
				CLANG_WARN_OBJC_LITERAL_CONVERSION = YES;
				CLANG_WARN_OBJC_ROOT_CLASS = YES_ERROR;
				CLANG_WARN_QUOTED_INCLUDE_IN_FRAMEWORK_HEADER = YES;
				CLANG_WARN_RANGE_LOOP_ANALYSIS = YES;
				CLANG_WARN_STRICT_PROTOTYPES = YES;
				CLANG_WARN_SUSPICIOUS_MOVE = YES;
				CLANG_WARN_UNGUARDED_AVAILABILITY = YES_AGGRESSIVE;
				CLANG_WARN_UNREACHABLE_CODE = YES;
				CLANG_WARN__DUPLICATE_METHOD_MATCH = YES;
				COPY_PHASE_STRIP = NO;
				DEBUG_INFORMATION_FORMAT = "dwarf-with-dsym";
				ENABLE_NS_ASSERTIONS = NO;
				ENABLE_STRICT_OBJC_MSGSEND = YES;
				GCC_C_LANGUAGE_STANDARD = gnu11;
				GCC_NO_COMMON_BLOCKS = YES;
				GCC_WARN_64_TO_32_BIT_CONVERSION = YES;
				GCC_WARN_ABOUT_RETURN_TYPE = YES_ERROR;
				GCC_WARN_UNDECLARED_SELECTOR = YES;
				GCC_WARN_UNINITIALIZED_AUTOS = YES_AGGRESSIVE;
				GCC_WARN_UNUSED_FUNCTION = YES;
				GCC_WARN_UNUSED_VARIABLE = YES;
				IPHONEOS_DEPLOYMENT_TARGET = 16.2;
				MTL_ENABLE_DEBUG_INFO = NO;
				MTL_FAST_MATH = YES;
				SDKROOT = iphoneos;
				SWIFT_COMPILATION_MODE = wholemodule;
				SWIFT_OPTIMIZATION_LEVEL = "-O";
				VALIDATE_PRODUCT = YES;
			};
			name = Release;
		};
		430137FC29BA3A6200184AAF /* Debug */ = {
			isa = XCBuildConfiguration;
			buildSettings = {
				ASSETCATALOG_COMPILER_APPICON_NAME = AppIcon;
				ASSETCATALOG_COMPILER_GLOBAL_ACCENT_COLOR_NAME = AccentColor;
				CODE_SIGN_STYLE = Automatic;
				CURRENT_PROJECT_VERSION = 1;
				DEVELOPMENT_ASSET_PATHS = "\"TouchDown/Preview Content\"";
				DEVELOPMENT_TEAM = 346FGQ8ZC8;
				ENABLE_PREVIEWS = YES;
				GENERATE_INFOPLIST_FILE = YES;
				INFOPLIST_FILE = TouchDown/Info.plist;
				INFOPLIST_KEY_UIApplicationSceneManifest_Generation = YES;
				INFOPLIST_KEY_UIApplicationSupportsIndirectInputEvents = YES;
				INFOPLIST_KEY_UISupportedInterfaceOrientations = UIInterfaceOrientationPortrait;
				INFOPLIST_KEY_UIUserInterfaceStyle = Light;
				LD_RUNPATH_SEARCH_PATHS = (
					"$(inherited)",
					"@executable_path/Frameworks",
				);
				MARKETING_VERSION = 1.0;
				PRODUCT_BUNDLE_IDENTIFIER = com.noamkurtzer.TouchDown;
				PRODUCT_NAME = "$(TARGET_NAME)";
				SWIFT_EMIT_LOC_STRINGS = YES;
				SWIFT_VERSION = 5.0;
				TARGETED_DEVICE_FAMILY = "1,2";
			};
			name = Debug;
		};
		430137FD29BA3A6200184AAF /* Release */ = {
			isa = XCBuildConfiguration;
			buildSettings = {
				ASSETCATALOG_COMPILER_APPICON_NAME = AppIcon;
				ASSETCATALOG_COMPILER_GLOBAL_ACCENT_COLOR_NAME = AccentColor;
				CODE_SIGN_STYLE = Automatic;
				CURRENT_PROJECT_VERSION = 1;
				DEVELOPMENT_ASSET_PATHS = "\"TouchDown/Preview Content\"";
				DEVELOPMENT_TEAM = 346FGQ8ZC8;
				ENABLE_PREVIEWS = YES;
				GENERATE_INFOPLIST_FILE = YES;
				INFOPLIST_FILE = TouchDown/Info.plist;
				INFOPLIST_KEY_UIApplicationSceneManifest_Generation = YES;
				INFOPLIST_KEY_UIApplicationSupportsIndirectInputEvents = YES;
				INFOPLIST_KEY_UISupportedInterfaceOrientations = UIInterfaceOrientationPortrait;
				INFOPLIST_KEY_UIUserInterfaceStyle = Light;
				LD_RUNPATH_SEARCH_PATHS = (
					"$(inherited)",
					"@executable_path/Frameworks",
				);
				MARKETING_VERSION = 1.0;
				PRODUCT_BUNDLE_IDENTIFIER = com.noamkurtzer.TouchDown;
				PRODUCT_NAME = "$(TARGET_NAME)";
				SWIFT_EMIT_LOC_STRINGS = YES;
				SWIFT_VERSION = 5.0;
				TARGETED_DEVICE_FAMILY = "1,2";
			};
			name = Release;
		};
/* End XCBuildConfiguration section */

/* Begin XCConfigurationList section */
		430137E829BA3A6100184AAF /* Build configuration list for PBXProject "TouchDown" */ = {
			isa = XCConfigurationList;
			buildConfigurations = (
				430137F929BA3A6200184AAF /* Debug */,
				430137FA29BA3A6200184AAF /* Release */,
			);
			defaultConfigurationIsVisible = 0;
			defaultConfigurationName = Release;
		};
		430137FB29BA3A6200184AAF /* Build configuration list for PBXNativeTarget "TouchDown" */ = {
			isa = XCConfigurationList;
			buildConfigurations = (
				430137FC29BA3A6200184AAF /* Debug */,
				430137FD29BA3A6200184AAF /* Release */,
			);
			defaultConfigurationIsVisible = 0;
			defaultConfigurationName = Release;
		};
/* End XCConfigurationList section */
	};
	rootObject = 430137E529BA3A6100184AAF /* Project object */;
}
